// !$*UTF8*$!
{
	archiveVersion = 1;
	classes = {
	};
	objectVersion = 56;
	objects = {

/* Begin PBXContainerItemProxy section */
		5923E0E529EDB54000B359C6 /* PBXContainerItemProxy */ = {
			isa = PBXContainerItemProxy;
			containerPortal = 5923E0E129EDB54000B359C6 /* Storm Viewer.xcodeproj */;
			proxyType = 2;
			remoteGlobalIDString = 5923E0CA29EDB53F00B359C6;
			remoteInfo = "Storm Viewer";
		};
		5923E15129EEA8E600B359C6 /* PBXContainerItemProxy */ = {
			isa = PBXContainerItemProxy;
			containerPortal = 5923E14D29EEA8E500B359C6 /* Guess the flag.xcodeproj */;
			proxyType = 2;
			remoteGlobalIDString = 5923E13629EEA8E300B359C6;
			remoteInfo = "Guess the flag";
		};
		59D37AD329F2D0D7002B8889 /* PBXContainerItemProxy */ = {
			isa = PBXContainerItemProxy;
			containerPortal = 59D37ACF29F2D0D7002B8889 /* Easy Browser.xcodeproj */;
			proxyType = 2;
			remoteGlobalIDString = 59D37AB829F2D0D5002B8889;
			remoteInfo = "Easy Browser";
		};
		59D37B4329F56918002B8889 /* PBXContainerItemProxy */ = {
			isa = PBXContainerItemProxy;
			containerPortal = 59D37B3F29F56918002B8889 /* Word Scramble.xcodeproj */;
			proxyType = 2;
			remoteGlobalIDString = 59D37B2829F56917002B8889;
			remoteInfo = "Word Scramble";
		};
		59D37B6B29F59127002B8889 /* PBXContainerItemProxy */ = {
			isa = PBXContainerItemProxy;
			containerPortal = 59D37B6729F59127002B8889 /* Auto Layout.xcodeproj */;
			proxyType = 2;
			remoteGlobalIDString = 59D37B5029F59126002B8889;
			remoteInfo = "Auto Layout";
		};
		59D37BA129F96B6B002B8889 /* PBXContainerItemProxy */ = {
			isa = PBXContainerItemProxy;
			containerPortal = 59D37B9929F96B6A002B8889 /* Whitehouse Petitions.xcodeproj */;
			proxyType = 2;
			remoteGlobalIDString = 59D37B8229F96B69002B8889;
			remoteInfo = "Whitehouse Petitions";
		};
		59D37BCC29FC2C49002B8889 /* PBXContainerItemProxy */ = {
			isa = PBXContainerItemProxy;
			containerPortal = 59D37BC829FC2C48002B8889 /* Swifty Words.xcodeproj */;
			proxyType = 2;
			remoteGlobalIDString = 59D37BB129FC2C46002B8889;
			remoteInfo = "Swifty Words";
		};
/* End PBXContainerItemProxy section */

/* Begin PBXFileReference section */
		5923E05529EAECFF00B359C6 /* Hacking with iOS UIKit.app */ = {isa = PBXFileReference; explicitFileType = wrapper.application; includeInIndex = 0; path = "Hacking with iOS UIKit.app"; sourceTree = BUILT_PRODUCTS_DIR; };
		5923E0E129EDB54000B359C6 /* Storm Viewer.xcodeproj */ = {isa = PBXFileReference; lastKnownFileType = "wrapper.pb-project"; name = "Storm Viewer.xcodeproj"; path = "Storm Viewer/Storm Viewer.xcodeproj"; sourceTree = "<group>"; };
		5923E14D29EEA8E500B359C6 /* Guess the flag.xcodeproj */ = {isa = PBXFileReference; lastKnownFileType = "wrapper.pb-project"; name = "Guess the flag.xcodeproj"; path = "Guess the flag/Guess the flag.xcodeproj"; sourceTree = "<group>"; };
		59D37ACF29F2D0D7002B8889 /* Easy Browser.xcodeproj */ = {isa = PBXFileReference; lastKnownFileType = "wrapper.pb-project"; name = "Easy Browser.xcodeproj"; path = "Easy Browser/Easy Browser.xcodeproj"; sourceTree = "<group>"; };
		59D37B3F29F56918002B8889 /* Word Scramble.xcodeproj */ = {isa = PBXFileReference; lastKnownFileType = "wrapper.pb-project"; name = "Word Scramble.xcodeproj"; path = "Word Scramble/Word Scramble.xcodeproj"; sourceTree = "<group>"; };
		59D37B6729F59127002B8889 /* Auto Layout.xcodeproj */ = {isa = PBXFileReference; lastKnownFileType = "wrapper.pb-project"; name = "Auto Layout.xcodeproj"; path = "Auto Layout/Auto Layout.xcodeproj"; sourceTree = "<group>"; };
		59D37B9929F96B6A002B8889 /* Whitehouse Petitions.xcodeproj */ = {isa = PBXFileReference; lastKnownFileType = "wrapper.pb-project"; name = "Whitehouse Petitions.xcodeproj"; path = "Whitehouse Petitions/Whitehouse Petitions.xcodeproj"; sourceTree = "<group>"; };
		59D37BC829FC2C48002B8889 /* Swifty Words.xcodeproj */ = {isa = PBXFileReference; lastKnownFileType = "wrapper.pb-project"; name = "Swifty Words.xcodeproj"; path = "Swifty Words/Swifty Words.xcodeproj"; sourceTree = "<group>"; };
/* End PBXFileReference section */

/* Begin PBXFrameworksBuildPhase section */
		5923E05229EAECFF00B359C6 /* Frameworks */ = {
			isa = PBXFrameworksBuildPhase;
			buildActionMask = 2147483647;
			files = (
			);
			runOnlyForDeploymentPostprocessing = 0;
		};
/* End PBXFrameworksBuildPhase section */

/* Begin PBXGroup section */
		5923E04C29EAECFF00B359C6 = {
			isa = PBXGroup;
			children = (
				59D37BC829FC2C48002B8889 /* Swifty Words.xcodeproj */,
				59D37B9929F96B6A002B8889 /* Whitehouse Petitions.xcodeproj */,
				59D37B6729F59127002B8889 /* Auto Layout.xcodeproj */,
				59D37B3F29F56918002B8889 /* Word Scramble.xcodeproj */,
				59D37ACF29F2D0D7002B8889 /* Easy Browser.xcodeproj */,
				5923E14D29EEA8E500B359C6 /* Guess the flag.xcodeproj */,
				5923E0E129EDB54000B359C6 /* Storm Viewer.xcodeproj */,
				5923E05629EAECFF00B359C6 /* Products */,
			);
			sourceTree = "<group>";
		};
		5923E05629EAECFF00B359C6 /* Products */ = {
			isa = PBXGroup;
			children = (
				5923E05529EAECFF00B359C6 /* Hacking with iOS UIKit.app */,
			);
			name = Products;
			sourceTree = "<group>";
		};
		5923E0E229EDB54000B359C6 /* Products */ = {
			isa = PBXGroup;
			children = (
				5923E0E629EDB54000B359C6 /* Storm Viewer.app */,
			);
			name = Products;
			sourceTree = "<group>";
		};
		5923E14E29EEA8E500B359C6 /* Products */ = {
			isa = PBXGroup;
			children = (
				5923E15229EEA8E600B359C6 /* Guess the flag.app */,
			);
			name = Products;
			sourceTree = "<group>";
		};
		59D37AD029F2D0D7002B8889 /* Products */ = {
			isa = PBXGroup;
			children = (
				59D37AD429F2D0D7002B8889 /* Easy Browser.app */,
			);
			name = Products;
			sourceTree = "<group>";
		};
		59D37B4029F56918002B8889 /* Products */ = {
			isa = PBXGroup;
			children = (
				59D37B4429F56918002B8889 /* Word Scramble.app */,
			);
			name = Products;
			sourceTree = "<group>";
		};
		59D37B6829F59127002B8889 /* Products */ = {
			isa = PBXGroup;
			children = (
				59D37B6C29F59127002B8889 /* Auto Layout.app */,
			);
			name = Products;
			sourceTree = "<group>";
		};
		59D37B9A29F96B6A002B8889 /* Products */ = {
			isa = PBXGroup;
			children = (
				59D37BA229F96B6B002B8889 /* Whitehouse Petitions.app */,
			);
			name = Products;
			sourceTree = "<group>";
		};
		59D37BC929FC2C48002B8889 /* Products */ = {
			isa = PBXGroup;
			children = (
				59D37BCD29FC2C49002B8889 /* Swifty Words.app */,
			);
			name = Products;
			sourceTree = "<group>";
		};
/* End PBXGroup section */

/* Begin PBXNativeTarget section */
		5923E05429EAECFF00B359C6 /* Hacking with iOS UIKit */ = {
			isa = PBXNativeTarget;
			buildConfigurationList = 5923E06929EAED0000B359C6 /* Build configuration list for PBXNativeTarget "Hacking with iOS UIKit" */;
			buildPhases = (
				5923E05129EAECFF00B359C6 /* Sources */,
				5923E05229EAECFF00B359C6 /* Frameworks */,
				5923E05329EAECFF00B359C6 /* Resources */,
			);
			buildRules = (
			);
			dependencies = (
			);
			name = "Hacking with iOS UIKit";
			productName = "Hacking with iOS UIKit";
			productReference = 5923E05529EAECFF00B359C6 /* Hacking with iOS UIKit.app */;
			productType = "com.apple.product-type.application";
		};
/* End PBXNativeTarget section */

/* Begin PBXProject section */
		5923E04D29EAECFF00B359C6 /* Project object */ = {
			isa = PBXProject;
			attributes = {
				BuildIndependentTargetsInParallel = 1;
				LastSwiftUpdateCheck = 1420;
				LastUpgradeCheck = 1420;
				TargetAttributes = {
					5923E05429EAECFF00B359C6 = {
						CreatedOnToolsVersion = 14.2;
					};
				};
			};
			buildConfigurationList = 5923E05029EAECFF00B359C6 /* Build configuration list for PBXProject "Hacking with iOS UIKit" */;
			compatibilityVersion = "Xcode 14.0";
			developmentRegion = en;
			hasScannedForEncodings = 0;
			knownRegions = (
				en,
				Base,
			);
			mainGroup = 5923E04C29EAECFF00B359C6;
			productRefGroup = 5923E05629EAECFF00B359C6 /* Products */;
			projectDirPath = "";
			projectReferences = (
				{
					ProductGroup = 59D37B6829F59127002B8889 /* Products */;
					ProjectRef = 59D37B6729F59127002B8889 /* Auto Layout.xcodeproj */;
				},
				{
					ProductGroup = 59D37AD029F2D0D7002B8889 /* Products */;
					ProjectRef = 59D37ACF29F2D0D7002B8889 /* Easy Browser.xcodeproj */;
				},
				{
					ProductGroup = 5923E14E29EEA8E500B359C6 /* Products */;
					ProjectRef = 5923E14D29EEA8E500B359C6 /* Guess the flag.xcodeproj */;
				},
				{
					ProductGroup = 5923E0E229EDB54000B359C6 /* Products */;
					ProjectRef = 5923E0E129EDB54000B359C6 /* Storm Viewer.xcodeproj */;
				},
				{
					ProductGroup = 59D37BC929FC2C48002B8889 /* Products */;
					ProjectRef = 59D37BC829FC2C48002B8889 /* Swifty Words.xcodeproj */;
				},
				{
					ProductGroup = 59D37B9A29F96B6A002B8889 /* Products */;
					ProjectRef = 59D37B9929F96B6A002B8889 /* Whitehouse Petitions.xcodeproj */;
				},
				{
					ProductGroup = 59D37B4029F56918002B8889 /* Products */;
					ProjectRef = 59D37B3F29F56918002B8889 /* Word Scramble.xcodeproj */;
				},
			);
			projectRoot = "";
			targets = (
				5923E05429EAECFF00B359C6 /* Hacking with iOS UIKit */,
			);
		};
/* End PBXProject section */

/* Begin PBXReferenceProxy section */
		5923E0E629EDB54000B359C6 /* Storm Viewer.app */ = {
			isa = PBXReferenceProxy;
			fileType = wrapper.application;
			path = "Storm Viewer.app";
			remoteRef = 5923E0E529EDB54000B359C6 /* PBXContainerItemProxy */;
			sourceTree = BUILT_PRODUCTS_DIR;
		};
		5923E15229EEA8E600B359C6 /* Guess the flag.app */ = {
			isa = PBXReferenceProxy;
			fileType = wrapper.application;
			path = "Guess the flag.app";
			remoteRef = 5923E15129EEA8E600B359C6 /* PBXContainerItemProxy */;
			sourceTree = BUILT_PRODUCTS_DIR;
		};
		59D37AD429F2D0D7002B8889 /* Easy Browser.app */ = {
			isa = PBXReferenceProxy;
			fileType = wrapper.application;
			path = "Easy Browser.app";
			remoteRef = 59D37AD329F2D0D7002B8889 /* PBXContainerItemProxy */;
			sourceTree = BUILT_PRODUCTS_DIR;
		};
		59D37B4429F56918002B8889 /* Word Scramble.app */ = {
			isa = PBXReferenceProxy;
			fileType = wrapper.application;
			path = "Word Scramble.app";
			remoteRef = 59D37B4329F56918002B8889 /* PBXContainerItemProxy */;
			sourceTree = BUILT_PRODUCTS_DIR;
		};
		59D37B6C29F59127002B8889 /* Auto Layout.app */ = {
			isa = PBXReferenceProxy;
			fileType = wrapper.application;
			path = "Auto Layout.app";
			remoteRef = 59D37B6B29F59127002B8889 /* PBXContainerItemProxy */;
			sourceTree = BUILT_PRODUCTS_DIR;
		};
		59D37BA229F96B6B002B8889 /* Whitehouse Petitions.app */ = {
			isa = PBXReferenceProxy;
			fileType = wrapper.application;
			path = "Whitehouse Petitions.app";
			remoteRef = 59D37BA129F96B6B002B8889 /* PBXContainerItemProxy */;
			sourceTree = BUILT_PRODUCTS_DIR;
		};
		59D37BCD29FC2C49002B8889 /* Swifty Words.app */ = {
			isa = PBXReferenceProxy;
			fileType = wrapper.application;
			path = "Swifty Words.app";
			remoteRef = 59D37BCC29FC2C49002B8889 /* PBXContainerItemProxy */;
			sourceTree = BUILT_PRODUCTS_DIR;
		};
/* End PBXReferenceProxy section */

/* Begin PBXResourcesBuildPhase section */
		5923E05329EAECFF00B359C6 /* Resources */ = {
			isa = PBXResourcesBuildPhase;
			buildActionMask = 2147483647;
			files = (
			);
			runOnlyForDeploymentPostprocessing = 0;
		};
/* End PBXResourcesBuildPhase section */

/* Begin PBXSourcesBuildPhase section */
		5923E05129EAECFF00B359C6 /* Sources */ = {
			isa = PBXSourcesBuildPhase;
			buildActionMask = 2147483647;
			files = (
			);
			runOnlyForDeploymentPostprocessing = 0;
		};
/* End PBXSourcesBuildPhase section */

/* Begin XCBuildConfiguration section */
		5923E06729EAED0000B359C6 /* Debug */ = {
			isa = XCBuildConfiguration;
			buildSettings = {
				ALWAYS_SEARCH_USER_PATHS = NO;
				CLANG_ANALYZER_NONNULL = YES;
				CLANG_ANALYZER_NUMBER_OBJECT_CONVERSION = YES_AGGRESSIVE;
				CLANG_CXX_LANGUAGE_STANDARD = "gnu++20";
				CLANG_ENABLE_MODULES = YES;
				CLANG_ENABLE_OBJC_ARC = YES;
				CLANG_ENABLE_OBJC_WEAK = YES;
				CLANG_WARN_BLOCK_CAPTURE_AUTORELEASING = YES;
				CLANG_WARN_BOOL_CONVERSION = YES;
				CLANG_WARN_COMMA = YES;
				CLANG_WARN_CONSTANT_CONVERSION = YES;
				CLANG_WARN_DEPRECATED_OBJC_IMPLEMENTATIONS = YES;
				CLANG_WARN_DIRECT_OBJC_ISA_USAGE = YES_ERROR;
				CLANG_WARN_DOCUMENTATION_COMMENTS = YES;
				CLANG_WARN_EMPTY_BODY = YES;
				CLANG_WARN_ENUM_CONVERSION = YES;
				CLANG_WARN_INFINITE_RECURSION = YES;
				CLANG_WARN_INT_CONVERSION = YES;
				CLANG_WARN_NON_LITERAL_NULL_CONVERSION = YES;
				CLANG_WARN_OBJC_IMPLICIT_RETAIN_SELF = YES;
				CLANG_WARN_OBJC_LITERAL_CONVERSION = YES;
				CLANG_WARN_OBJC_ROOT_CLASS = YES_ERROR;
				CLANG_WARN_QUOTED_INCLUDE_IN_FRAMEWORK_HEADER = YES;
				CLANG_WARN_RANGE_LOOP_ANALYSIS = YES;
				CLANG_WARN_STRICT_PROTOTYPES = YES;
				CLANG_WARN_SUSPICIOUS_MOVE = YES;
				CLANG_WARN_UNGUARDED_AVAILABILITY = YES_AGGRESSIVE;
				CLANG_WARN_UNREACHABLE_CODE = YES;
				CLANG_WARN__DUPLICATE_METHOD_MATCH = YES;
				COPY_PHASE_STRIP = NO;
				DEBUG_INFORMATION_FORMAT = dwarf;
				ENABLE_STRICT_OBJC_MSGSEND = YES;
				ENABLE_TESTABILITY = YES;
				GCC_C_LANGUAGE_STANDARD = gnu11;
				GCC_DYNAMIC_NO_PIC = NO;
				GCC_NO_COMMON_BLOCKS = YES;
				GCC_OPTIMIZATION_LEVEL = 0;
				GCC_PREPROCESSOR_DEFINITIONS = (
					"DEBUG=1",
					"$(inherited)",
				);
				GCC_WARN_64_TO_32_BIT_CONVERSION = YES;
				GCC_WARN_ABOUT_RETURN_TYPE = YES_ERROR;
				GCC_WARN_UNDECLARED_SELECTOR = YES;
				GCC_WARN_UNINITIALIZED_AUTOS = YES_AGGRESSIVE;
				GCC_WARN_UNUSED_FUNCTION = YES;
				GCC_WARN_UNUSED_VARIABLE = YES;
				IPHONEOS_DEPLOYMENT_TARGET = 16.2;
				MTL_ENABLE_DEBUG_INFO = INCLUDE_SOURCE;
				MTL_FAST_MATH = YES;
				ONLY_ACTIVE_ARCH = YES;
				SDKROOT = iphoneos;
				SWIFT_ACTIVE_COMPILATION_CONDITIONS = DEBUG;
				SWIFT_OPTIMIZATION_LEVEL = "-Onone";
			};
			name = Debug;
		};
		5923E06829EAED0000B359C6 /* Release */ = {
			isa = XCBuildConfiguration;
			buildSettings = {
				ALWAYS_SEARCH_USER_PATHS = NO;
				CLANG_ANALYZER_NONNULL = YES;
				CLANG_ANALYZER_NUMBER_OBJECT_CONVERSION = YES_AGGRESSIVE;
				CLANG_CXX_LANGUAGE_STANDARD = "gnu++20";
				CLANG_ENABLE_MODULES = YES;
				CLANG_ENABLE_OBJC_ARC = YES;
				CLANG_ENABLE_OBJC_WEAK = YES;
				CLANG_WARN_BLOCK_CAPTURE_AUTORELEASING = YES;
				CLANG_WARN_BOOL_CONVERSION = YES;
				CLANG_WARN_COMMA = YES;
				CLANG_WARN_CONSTANT_CONVERSION = YES;
				CLANG_WARN_DEPRECATED_OBJC_IMPLEMENTATIONS = YES;
				CLANG_WARN_DIRECT_OBJC_ISA_USAGE = YES_ERROR;
				CLANG_WARN_DOCUMENTATION_COMMENTS = YES;
				CLANG_WARN_EMPTY_BODY = YES;
				CLANG_WARN_ENUM_CONVERSION = YES;
				CLANG_WARN_INFINITE_RECURSION = YES;
				CLANG_WARN_INT_CONVERSION = YES;
				CLANG_WARN_NON_LITERAL_NULL_CONVERSION = YES;
				CLANG_WARN_OBJC_IMPLICIT_RETAIN_SELF = YES;
				CLANG_WARN_OBJC_LITERAL_CONVERSION = YES;
				CLANG_WARN_OBJC_ROOT_CLASS = YES_ERROR;
				CLANG_WARN_QUOTED_INCLUDE_IN_FRAMEWORK_HEADER = YES;
				CLANG_WARN_RANGE_LOOP_ANALYSIS = YES;
				CLANG_WARN_STRICT_PROTOTYPES = YES;
				CLANG_WARN_SUSPICIOUS_MOVE = YES;
				CLANG_WARN_UNGUARDED_AVAILABILITY = YES_AGGRESSIVE;
				CLANG_WARN_UNREACHABLE_CODE = YES;
				CLANG_WARN__DUPLICATE_METHOD_MATCH = YES;
				COPY_PHASE_STRIP = NO;
				DEBUG_INFORMATION_FORMAT = "dwarf-with-dsym";
				ENABLE_NS_ASSERTIONS = NO;
				ENABLE_STRICT_OBJC_MSGSEND = YES;
				GCC_C_LANGUAGE_STANDARD = gnu11;
				GCC_NO_COMMON_BLOCKS = YES;
				GCC_WARN_64_TO_32_BIT_CONVERSION = YES;
				GCC_WARN_ABOUT_RETURN_TYPE = YES_ERROR;
				GCC_WARN_UNDECLARED_SELECTOR = YES;
				GCC_WARN_UNINITIALIZED_AUTOS = YES_AGGRESSIVE;
				GCC_WARN_UNUSED_FUNCTION = YES;
				GCC_WARN_UNUSED_VARIABLE = YES;
				IPHONEOS_DEPLOYMENT_TARGET = 16.2;
				MTL_ENABLE_DEBUG_INFO = NO;
				MTL_FAST_MATH = YES;
				SDKROOT = iphoneos;
				SWIFT_COMPILATION_MODE = wholemodule;
				SWIFT_OPTIMIZATION_LEVEL = "-O";
				VALIDATE_PRODUCT = YES;
			};
			name = Release;
		};
		5923E06A29EAED0000B359C6 /* Debug */ = {
			isa = XCBuildConfiguration;
			buildSettings = {
				ASSETCATALOG_COMPILER_APPICON_NAME = AppIcon;
				ASSETCATALOG_COMPILER_GLOBAL_ACCENT_COLOR_NAME = AccentColor;
				CODE_SIGN_STYLE = Automatic;
				CURRENT_PROJECT_VERSION = 1;
				DEVELOPMENT_TEAM = NU7BU33S3Z;
				GENERATE_INFOPLIST_FILE = YES;
				INFOPLIST_FILE = "Hacking with iOS UIKit/Info.plist";
				INFOPLIST_KEY_UIApplicationSupportsIndirectInputEvents = YES;
				INFOPLIST_KEY_UILaunchStoryboardName = LaunchScreen;
				INFOPLIST_KEY_UIMainStoryboardFile = Main;
				INFOPLIST_KEY_UISupportedInterfaceOrientations_iPad = "UIInterfaceOrientationPortrait UIInterfaceOrientationPortraitUpsideDown UIInterfaceOrientationLandscapeLeft UIInterfaceOrientationLandscapeRight";
				INFOPLIST_KEY_UISupportedInterfaceOrientations_iPhone = "UIInterfaceOrientationPortrait UIInterfaceOrientationLandscapeLeft UIInterfaceOrientationLandscapeRight";
				LD_RUNPATH_SEARCH_PATHS = (
					"$(inherited)",
					"@executable_path/Frameworks",
				);
				MARKETING_VERSION = 1.0;
				PRODUCT_BUNDLE_IDENTIFIER = "com.nate995.Hacking-with-iOS-UIKit";
				PRODUCT_NAME = "$(TARGET_NAME)";
				SWIFT_EMIT_LOC_STRINGS = YES;
				SWIFT_VERSION = 5.0;
				TARGETED_DEVICE_FAMILY = "1,2";
			};
			name = Debug;
		};
		5923E06B29EAED0000B359C6 /* Release */ = {
			isa = XCBuildConfiguration;
			buildSettings = {
				ASSETCATALOG_COMPILER_APPICON_NAME = AppIcon;
				ASSETCATALOG_COMPILER_GLOBAL_ACCENT_COLOR_NAME = AccentColor;
				CODE_SIGN_STYLE = Automatic;
				CURRENT_PROJECT_VERSION = 1;
				DEVELOPMENT_TEAM = NU7BU33S3Z;
				GENERATE_INFOPLIST_FILE = YES;
				INFOPLIST_FILE = "Hacking with iOS UIKit/Info.plist";
				INFOPLIST_KEY_UIApplicationSupportsIndirectInputEvents = YES;
				INFOPLIST_KEY_UILaunchStoryboardName = LaunchScreen;
				INFOPLIST_KEY_UIMainStoryboardFile = Main;
				INFOPLIST_KEY_UISupportedInterfaceOrientations_iPad = "UIInterfaceOrientationPortrait UIInterfaceOrientationPortraitUpsideDown UIInterfaceOrientationLandscapeLeft UIInterfaceOrientationLandscapeRight";
				INFOPLIST_KEY_UISupportedInterfaceOrientations_iPhone = "UIInterfaceOrientationPortrait UIInterfaceOrientationLandscapeLeft UIInterfaceOrientationLandscapeRight";
				LD_RUNPATH_SEARCH_PATHS = (
					"$(inherited)",
					"@executable_path/Frameworks",
				);
				MARKETING_VERSION = 1.0;
				PRODUCT_BUNDLE_IDENTIFIER = "com.nate995.Hacking-with-iOS-UIKit";
				PRODUCT_NAME = "$(TARGET_NAME)";
				SWIFT_EMIT_LOC_STRINGS = YES;
				SWIFT_VERSION = 5.0;
				TARGETED_DEVICE_FAMILY = "1,2";
			};
			name = Release;
		};
/* End XCBuildConfiguration section */

/* Begin XCConfigurationList section */
		5923E05029EAECFF00B359C6 /* Build configuration list for PBXProject "Hacking with iOS UIKit" */ = {
			isa = XCConfigurationList;
			buildConfigurations = (
				5923E06729EAED0000B359C6 /* Debug */,
				5923E06829EAED0000B359C6 /* Release */,
			);
			defaultConfigurationIsVisible = 0;
			defaultConfigurationName = Release;
		};
		5923E06929EAED0000B359C6 /* Build configuration list for PBXNativeTarget "Hacking with iOS UIKit" */ = {
			isa = XCConfigurationList;
			buildConfigurations = (
				5923E06A29EAED0000B359C6 /* Debug */,
				5923E06B29EAED0000B359C6 /* Release */,
			);
			defaultConfigurationIsVisible = 0;
			defaultConfigurationName = Release;
		};
/* End XCConfigurationList section */
	};
	rootObject = 5923E04D29EAECFF00B359C6 /* Project object */;
}
